# generated by WellBoard v1 — do not edit by hand
proxies:
    - name: NL-1 [WellDone]
      password: secret
      port: 443
      server: 203.0.113.10
      type: socks5
proxy-groups:
    - interval: 60
      name: rt:rt_1
      proxies:
        - NL-1 [WellDone]
        - REJECT
      type: fallback
      url: https://www.gstatic.com/generate_204
    - name: rt:default
      proxies:
        - DIRECT
      type: select
rule-providers: {}
rules:
    - GEOSITE,youtube,rt:rt_1
    - DOMAIN-SUFFIX,netflix.com,rt:rt_1
    - MATCH,rt:default
